
Microsoft Visual Studio Solution File, Format Version 12.00
# Visual Studio Version 17
VisualStudioVersion = 17.8.34408.163
MinimumVisualStudioVersion = 10.0.40219.1
Project("{FAE04EC0-301F-11D3-BF4B-00C04F79EFBC}") = "DemoBai1", "DemoBai1\DemoBai1.csproj", "{08A6F5F9-9AF5-4466-A27C-3E58BB53DF61}"
EndProject
Global
	GlobalSection(SolutionConfigurationPlatforms) = preSolution
		Debug|Any CPU = Debug|Any CPU
		Release|Any CPU = Release|Any CPU
	EndGlobalSection
	GlobalSection(ProjectConfigurationPlatforms) = postSolution
		{08A6F5F9-9AF5-4466-A27C-3E58BB53DF61}.Debug|Any CPU.ActiveCfg = Debug|Any CPU
		{08A6F5F9-9AF5-4466-A27C-3E58BB53DF61}.Debug|Any CPU.Build.0 = Debug|Any CPU
		{08A6F5F9-9AF5-4466-A27C-3E58BB53DF61}.Release|Any CPU.ActiveCfg = Release|Any CPU
		{08A6F5F9-9AF5-4466-A27C-3E58BB53DF61}.Release|Any CPU.Build.0 = Release|Any CPU
	EndGlobalSection
	GlobalSection(SolutionProperties) = preSolution
		HideSolutionNode = FALSE
	EndGlobalSection
	GlobalSection(ExtensibilityGlobals) = postSolution
		SolutionGuid = {30CB4E6D-8D1E-4C71-A874-63CDCF968B6D}
	EndGlobalSection
EndGlobal
